<?xml version="1.0" encoding="utf-8"?>
<Project ToolsVersion="4.0" xmlns="http://schemas.microsoft.com/developer/msbuild/2003">
  <ItemGroup>
    <Filter Include="Source Files">
      <UniqueIdentifier>{4FC737F1-C7A5-4376-A066-2A32D752A2FF}</UniqueIdentifier>
      <Extensions>cpp;c;cc;cxx;c++;cppm;ixx;def;odl;idl;hpj;bat;asm;asmx</Extensions>
    </Filter>
    <Filter Include="Header Files">
      <UniqueIdentifier>{93995380-89BD-4b04-88EB-625FBE52EBFB}</UniqueIdentifier>
      <Extensions>h;hh;hpp;hxx;h++;hm;inl;inc;ipp;xsd</Extensions>
    </Filter>
    <Filter Include="Resource Files">
      <UniqueIdentifier>{67DA6AB6-F800-4c08-8B7A-83BB121AAD01}</UniqueIdentifier>
      <Extensions>rc;ico;cur;bmp;dlg;rc2;rct;bin;rgs;gif;jpg;jpeg;jpe;resx;tiff;tif;png;wav;mfcribbon-ms</Extensions>
    </Filter>
  </ItemGroup>
  <ItemGroup>
    <None Include="cpp.hint" />
  </ItemGroup>
  <ItemGroup>
    <ClInclude Include="framework.h">
      <Filter>Header Files</Filter>
    </ClInclude>
    <ClInclude Include="moonglmath_dll.h">
      <Filter>Header Files</Filter>
    </ClInclude>
    <ClInclude Include="src\compat-5.3.h">
      <Filter>Source Files</Filter>
    </ClInclude>
    <ClInclude Include="src\enums.h">
      <Filter>Source Files</Filter>
    </ClInclude>
    <ClInclude Include="src\internal.h">
      <Filter>Source Files</Filter>
    </ClInclude>
    <ClInclude Include="src\moonglmath.h">
      <Filter>Source Files</Filter>
    </ClInclude>
    <ClInclude Include="src\moonglmath_local.h">
      <Filter>Source Files</Filter>
    </ClInclude>
    <ClInclude Include="src\objects.h">
      <Filter>Source Files</Filter>
    </ClInclude>
    <ClInclude Include="src\tree.h">
      <Filter>Source Files</Filter>
    </ClInclude>
    <ClInclude Include="src\udata.h">
      <Filter>Source Files</Filter>
    </ClInclude>
  </ItemGroup>
  <ItemGroup>
    <ClCompile Include="moonglmath_dll.cpp">
      <Filter>Source Files</Filter>
    </ClCompile>
    <ClCompile Include="dllmain.cpp">
      <Filter>Source Files</Filter>
    </ClCompile>
    <ClCompile Include="src\box.c">
      <Filter>Source Files</Filter>
    </ClCompile>
    <ClCompile Include="src\compat-5.3.c">
      <Filter>Source Files</Filter>
    </ClCompile>
    <ClCompile Include="src\complex.c">
      <Filter>Source Files</Filter>
    </ClCompile>
    <ClCompile Include="src\datahandling.c">
      <Filter>Source Files</Filter>
    </ClCompile>
    <ClCompile Include="src\enums.c">
      <Filter>Source Files</Filter>
    </ClCompile>
    <ClCompile Include="src\funcs.c">
      <Filter>Source Files</Filter>
    </ClCompile>
    <ClCompile Include="src\hostmem.c">
      <Filter>Source Files</Filter>
    </ClCompile>
    <ClCompile Include="src\main.c">
      <Filter>Source Files</Filter>
    </ClCompile>
    <ClCompile Include="src\mat.c">
      <Filter>Source Files</Filter>
    </ClCompile>
    <ClCompile Include="src\num.c">
      <Filter>Source Files</Filter>
    </ClCompile>
    <ClCompile Include="src\objects.c">
      <Filter>Source Files</Filter>
    </ClCompile>
    <ClCompile Include="src\quat.c">
      <Filter>Source Files</Filter>
    </ClCompile>
    <ClCompile Include="src\rect.c">
      <Filter>Source Files</Filter>
    </ClCompile>
    <ClCompile Include="src\tracing.c">
      <Filter>Source Files</Filter>
    </ClCompile>
    <ClCompile Include="src\transform.c">
      <Filter>Source Files</Filter>
    </ClCompile>
    <ClCompile Include="src\udata.c">
      <Filter>Source Files</Filter>
    </ClCompile>
    <ClCompile Include="src\utils.c">
      <Filter>Source Files</Filter>
    </ClCompile>
    <ClCompile Include="src\vec.c">
      <Filter>Source Files</Filter>
    </ClCompile>
    <ClCompile Include="src\viewing.c">
      <Filter>Source Files</Filter>
    </ClCompile>
  </ItemGroup>
</Project>